
Microsoft Visual Studio Solution File, Format Version 12.00
# Visual Studio Version 17
VisualStudioVersion = 17.6.33801.468
MinimumVisualStudioVersion = 10.0.40219.1
Project("{FAE04EC0-301F-11D3-BF4B-00C04F79EFBC}") = "CGO_Buoi03", "CGO_Buoi03\CGO_Buoi03.csproj", "{9CD29EF7-5E71-4231-8804-EFE00938B794}"
EndProject
Project("{FAE04EC0-301F-11D3-BF4B-00C04F79EFBC}") = "CGO_Buoi03_PrimeNUmber", "CGO_Buoi03_PrimeNUmber\CGO_Buoi03_PrimeNUmber.csproj", "{38547C29-FAFD-464B-A6DE-9143AE0E8612}"
EndProject
Global
	GlobalSection(SolutionConfigurationPlatforms) = preSolution
		Debug|Any CPU = Debug|Any CPU
		Release|Any CPU = Release|Any CPU
	EndGlobalSection
	GlobalSection(ProjectConfigurationPlatforms) = postSolution
		{9CD29EF7-5E71-4231-8804-EFE00938B794}.Debug|Any CPU.ActiveCfg = Debug|Any CPU
		{9CD29EF7-5E71-4231-8804-EFE00938B794}.Debug|Any CPU.Build.0 = Debug|Any CPU
		{9CD29EF7-5E71-4231-8804-EFE00938B794}.Release|Any CPU.ActiveCfg = Release|Any CPU
		{9CD29EF7-5E71-4231-8804-EFE00938B794}.Release|Any CPU.Build.0 = Release|Any CPU
		{38547C29-FAFD-464B-A6DE-9143AE0E8612}.Debug|Any CPU.ActiveCfg = Debug|Any CPU
		{38547C29-FAFD-464B-A6DE-9143AE0E8612}.Debug|Any CPU.Build.0 = Debug|Any CPU
		{38547C29-FAFD-464B-A6DE-9143AE0E8612}.Release|Any CPU.ActiveCfg = Release|Any CPU
		{38547C29-FAFD-464B-A6DE-9143AE0E8612}.Release|Any CPU.Build.0 = Release|Any CPU
	EndGlobalSection
	GlobalSection(SolutionProperties) = preSolution
		HideSolutionNode = FALSE
	EndGlobalSection
	GlobalSection(ExtensibilityGlobals) = postSolution
		SolutionGuid = {28CB60B6-4867-4207-BDFF-D6F1BD369A11}
	EndGlobalSection
EndGlobal
