
Microsoft Visual Studio Solution File, Format Version 12.00
# Visual Studio Version 17
VisualStudioVersion = 17.6.33801.468
MinimumVisualStudioVersion = 10.0.40219.1
Project("{FAE04EC0-301F-11D3-BF4B-00C04F79EFBC}") = "CGO_Buoi02", "CGO_Buoi02\CGO_Buoi02.csproj", "{E8E5CFF9-E96C-4F71-AC05-3225479DA427}"
EndProject
Project("{FAE04EC0-301F-11D3-BF4B-00C04F79EFBC}") = "CGO_Buoi02_BMI", "CGO_Buoi02_BMI\CGO_Buoi02_BMI.csproj", "{04630392-705B-4206-8364-920AFE0EAAAA}"
EndProject
Project("{FAE04EC0-301F-11D3-BF4B-00C04F79EFBC}") = "CGO_Buoi02_CountNumber", "CGO_Buoi02_CountNumber\CGO_Buoi02_CountNumber.csproj", "{8C2BFD56-0DBE-41ED-8F54-8AD2D374FEF5}"
EndProject
Global
	GlobalSection(SolutionConfigurationPlatforms) = preSolution
		Debug|Any CPU = Debug|Any CPU
		Release|Any CPU = Release|Any CPU
	EndGlobalSection
	GlobalSection(ProjectConfigurationPlatforms) = postSolution
		{E8E5CFF9-E96C-4F71-AC05-3225479DA427}.Debug|Any CPU.ActiveCfg = Debug|Any CPU
		{E8E5CFF9-E96C-4F71-AC05-3225479DA427}.Debug|Any CPU.Build.0 = Debug|Any CPU
		{E8E5CFF9-E96C-4F71-AC05-3225479DA427}.Release|Any CPU.ActiveCfg = Release|Any CPU
		{E8E5CFF9-E96C-4F71-AC05-3225479DA427}.Release|Any CPU.Build.0 = Release|Any CPU
		{04630392-705B-4206-8364-920AFE0EAAAA}.Debug|Any CPU.ActiveCfg = Debug|Any CPU
		{04630392-705B-4206-8364-920AFE0EAAAA}.Debug|Any CPU.Build.0 = Debug|Any CPU
		{04630392-705B-4206-8364-920AFE0EAAAA}.Release|Any CPU.ActiveCfg = Release|Any CPU
		{04630392-705B-4206-8364-920AFE0EAAAA}.Release|Any CPU.Build.0 = Release|Any CPU
		{8C2BFD56-0DBE-41ED-8F54-8AD2D374FEF5}.Debug|Any CPU.ActiveCfg = Debug|Any CPU
		{8C2BFD56-0DBE-41ED-8F54-8AD2D374FEF5}.Debug|Any CPU.Build.0 = Debug|Any CPU
		{8C2BFD56-0DBE-41ED-8F54-8AD2D374FEF5}.Release|Any CPU.ActiveCfg = Release|Any CPU
		{8C2BFD56-0DBE-41ED-8F54-8AD2D374FEF5}.Release|Any CPU.Build.0 = Release|Any CPU
	EndGlobalSection
	GlobalSection(SolutionProperties) = preSolution
		HideSolutionNode = FALSE
	EndGlobalSection
	GlobalSection(ExtensibilityGlobals) = postSolution
		SolutionGuid = {87387960-021F-44B5-BC50-BFDE4626860A}
	EndGlobalSection
EndGlobal
